
Microsoft Visual Studio Solution File, Format Version 12.00
Project("{FAE04EC0-301F-11D3-BF4B-00C04F79EFBC}") = "Online Book Store", "Online Book Store\Online Book Store.csproj", "{66D90060-291C-4784-A858-CE0E0366B2C5}"
EndProject
Project("{FAE04EC0-301F-11D3-BF4B-00C04F79EFBC}") = "AdminPanel", "AdminPanel\AdminPanel.csproj", "{0C18D04F-BF81-4800-A6F4-A086F74ED61A}"
EndProject
Global
	GlobalSection(SolutionConfigurationPlatforms) = preSolution
		Debug|Any CPU = Debug|Any CPU
		Release|Any CPU = Release|Any CPU
	EndGlobalSection
	GlobalSection(ProjectConfigurationPlatforms) = postSolution
		{66D90060-291C-4784-A858-CE0E0366B2C5}.Debug|Any CPU.ActiveCfg = Debug|Any CPU
		{66D90060-291C-4784-A858-CE0E0366B2C5}.Debug|Any CPU.Build.0 = Debug|Any CPU
		{66D90060-291C-4784-A858-CE0E0366B2C5}.Release|Any CPU.ActiveCfg = Release|Any CPU
		{66D90060-291C-4784-A858-CE0E0366B2C5}.Release|Any CPU.Build.0 = Release|Any CPU
		{0C18D04F-BF81-4800-A6F4-A086F74ED61A}.Debug|Any CPU.ActiveCfg = Debug|Any CPU
		{0C18D04F-BF81-4800-A6F4-A086F74ED61A}.Debug|Any CPU.Build.0 = Debug|Any CPU
		{0C18D04F-BF81-4800-A6F4-A086F74ED61A}.Release|Any CPU.ActiveCfg = Release|Any CPU
		{0C18D04F-BF81-4800-A6F4-A086F74ED61A}.Release|Any CPU.Build.0 = Release|Any CPU
	EndGlobalSection
EndGlobal
